// !$*UTF8*$!
{
	archiveVersion = 1;
	classes = {
	};
	objectVersion = 50;
	objects = {

/* Begin PBXBuildFile section */
		65A5F79B267FF44C00988558 /* AppDelegate.swift in Sources */ = {isa = PBXBuildFile; fileRef = 65A5F79A267FF44C00988558 /* AppDelegate.swift */; };
		65A5F79D267FF44C00988558 /* SceneDelegate.swift in Sources */ = {isa = PBXBuildFile; fileRef = 65A5F79C267FF44C00988558 /* SceneDelegate.swift */; };
		65A5F79F267FF44C00988558 /* ConversationsViewController.swift in Sources */ = {isa = PBXBuildFile; fileRef = 65A5F79E267FF44C00988558 /* ConversationsViewController.swift */; };
		65A5F7A2267FF44C00988558 /* Main.storyboard in Resources */ = {isa = PBXBuildFile; fileRef = 65A5F7A0267FF44C00988558 /* Main.storyboard */; };
		65A5F7A4267FF44C00988558 /* Assets.xcassets in Resources */ = {isa = PBXBuildFile; fileRef = 65A5F7A3267FF44C00988558 /* Assets.xcassets */; };
		65A5F7A7267FF44C00988558 /* LaunchScreen.storyboard in Resources */ = {isa = PBXBuildFile; fileRef = 65A5F7A5267FF44C00988558 /* LaunchScreen.storyboard */; };
		65A5F7B5267FF78E00988558 /* LoginViewController.swift in Sources */ = {isa = PBXBuildFile; fileRef = 65A5F7B4267FF78E00988558 /* LoginViewController.swift */; };
		65A5F7B7267FF79D00988558 /* RegisterViewController.swift in Sources */ = {isa = PBXBuildFile; fileRef = 65A5F7B6267FF79D00988558 /* RegisterViewController.swift */; };
		65A5F7B9267FF7C000988558 /* PhotoViewerViewController.swift in Sources */ = {isa = PBXBuildFile; fileRef = 65A5F7B8267FF7C000988558 /* PhotoViewerViewController.swift */; };
		65A5F7BB267FF7D000988558 /* VideoPlayerViewController.swift in Sources */ = {isa = PBXBuildFile; fileRef = 65A5F7BA267FF7D000988558 /* VideoPlayerViewController.swift */; };
		65A5F7BD267FF7E500988558 /* NewConversationViewController.swift in Sources */ = {isa = PBXBuildFile; fileRef = 65A5F7BC267FF7E500988558 /* NewConversationViewController.swift */; };
		65A5F7BF267FF7F100988558 /* ProfileViewController.swift in Sources */ = {isa = PBXBuildFile; fileRef = 65A5F7BE267FF7F100988558 /* ProfileViewController.swift */; };
		65AE490A26AF61A900D97891 /* Extensions.swift in Sources */ = {isa = PBXBuildFile; fileRef = 65AE490926AF61A900D97891 /* Extensions.swift */; };
/* End PBXBuildFile section */

/* Begin PBXFileReference section */
		65A5F797267FF44C00988558 /* Messenger.app */ = {isa = PBXFileReference; explicitFileType = wrapper.application; includeInIndex = 0; path = Messenger.app; sourceTree = BUILT_PRODUCTS_DIR; };
		65A5F79A267FF44C00988558 /* AppDelegate.swift */ = {isa = PBXFileReference; lastKnownFileType = sourcecode.swift; path = AppDelegate.swift; sourceTree = "<group>"; };
		65A5F79C267FF44C00988558 /* SceneDelegate.swift */ = {isa = PBXFileReference; lastKnownFileType = sourcecode.swift; path = SceneDelegate.swift; sourceTree = "<group>"; };
		65A5F79E267FF44C00988558 /* ConversationsViewController.swift */ = {isa = PBXFileReference; lastKnownFileType = sourcecode.swift; path = ConversationsViewController.swift; sourceTree = "<group>"; };
		65A5F7A1267FF44C00988558 /* Base */ = {isa = PBXFileReference; lastKnownFileType = file.storyboard; name = Base; path = Base.lproj/Main.storyboard; sourceTree = "<group>"; };
		65A5F7A3267FF44C00988558 /* Assets.xcassets */ = {isa = PBXFileReference; lastKnownFileType = folder.assetcatalog; path = Assets.xcassets; sourceTree = "<group>"; };
		65A5F7A6267FF44C00988558 /* Base */ = {isa = PBXFileReference; lastKnownFileType = file.storyboard; name = Base; path = Base.lproj/LaunchScreen.storyboard; sourceTree = "<group>"; };
		65A5F7A8267FF44C00988558 /* Info.plist */ = {isa = PBXFileReference; lastKnownFileType = text.plist.xml; path = Info.plist; sourceTree = "<group>"; };
		65A5F7B4267FF78E00988558 /* LoginViewController.swift */ = {isa = PBXFileReference; lastKnownFileType = sourcecode.swift; path = LoginViewController.swift; sourceTree = "<group>"; };
		65A5F7B6267FF79D00988558 /* RegisterViewController.swift */ = {isa = PBXFileReference; lastKnownFileType = sourcecode.swift; path = RegisterViewController.swift; sourceTree = "<group>"; };
		65A5F7B8267FF7C000988558 /* PhotoViewerViewController.swift */ = {isa = PBXFileReference; lastKnownFileType = sourcecode.swift; path = PhotoViewerViewController.swift; sourceTree = "<group>"; };
		65A5F7BA267FF7D000988558 /* VideoPlayerViewController.swift */ = {isa = PBXFileReference; lastKnownFileType = sourcecode.swift; path = VideoPlayerViewController.swift; sourceTree = "<group>"; };
		65A5F7BC267FF7E500988558 /* NewConversationViewController.swift */ = {isa = PBXFileReference; lastKnownFileType = sourcecode.swift; path = NewConversationViewController.swift; sourceTree = "<group>"; };
		65A5F7BE267FF7F100988558 /* ProfileViewController.swift */ = {isa = PBXFileReference; lastKnownFileType = sourcecode.swift; path = ProfileViewController.swift; sourceTree = "<group>"; };
		65AE490926AF61A900D97891 /* Extensions.swift */ = {isa = PBXFileReference; lastKnownFileType = sourcecode.swift; path = Extensions.swift; sourceTree = "<group>"; };
/* End PBXFileReference section */

/* Begin PBXFrameworksBuildPhase section */
		65A5F794267FF44C00988558 /* Frameworks */ = {
			isa = PBXFrameworksBuildPhase;
			buildActionMask = 2147483647;
			files = (
			);
			runOnlyForDeploymentPostprocessing = 0;
		};
/* End PBXFrameworksBuildPhase section */

/* Begin PBXGroup section */
		65A5F78E267FF44C00988558 = {
			isa = PBXGroup;
			children = (
				65A5F799267FF44C00988558 /* Messenger */,
				65A5F798267FF44C00988558 /* Products */,
			);
			sourceTree = "<group>";
		};
		65A5F798267FF44C00988558 /* Products */ = {
			isa = PBXGroup;
			children = (
				65A5F797267FF44C00988558 /* Messenger.app */,
			);
			name = Products;
			sourceTree = "<group>";
		};
		65A5F799267FF44C00988558 /* Messenger */ = {
			isa = PBXGroup;
			children = (
				65A5F7B2267FF65100988558 /* Resources */,
				65A5F7B1267FF64B00988558 /* ViewModels */,
				65A5F7B0267FF64500988558 /* Models */,
				65A5F7AF267FF64000988558 /* Views */,
				65A5F7AE267FF63600988558 /* Controllers */,
				65A5F7A8267FF44C00988558 /* Info.plist */,
			);
			path = Messenger;
			sourceTree = "<group>";
		};
		65A5F7AE267FF63600988558 /* Controllers */ = {
			isa = PBXGroup;
			children = (
				65A5F79E267FF44C00988558 /* ConversationsViewController.swift */,
				65AE490826AF59F200D97891 /* Login */,
				65A5F7B8267FF7C000988558 /* PhotoViewerViewController.swift */,
				65A5F7BA267FF7D000988558 /* VideoPlayerViewController.swift */,
				65A5F7BC267FF7E500988558 /* NewConversationViewController.swift */,
				65A5F7BE267FF7F100988558 /* ProfileViewController.swift */,
			);
			path = Controllers;
			sourceTree = "<group>";
		};
		65A5F7AF267FF64000988558 /* Views */ = {
			isa = PBXGroup;
			children = (
				65A5F7B3267FF67200988558 /* Storyboards */,
				65A5F7A3267FF44C00988558 /* Assets.xcassets */,
			);
			path = Views;
			sourceTree = "<group>";
		};
		65A5F7B0267FF64500988558 /* Models */ = {
			isa = PBXGroup;
			children = (
			);
			path = Models;
			sourceTree = "<group>";
		};
		65A5F7B1267FF64B00988558 /* ViewModels */ = {
			isa = PBXGroup;
			children = (
			);
			path = ViewModels;
			sourceTree = "<group>";
		};
		65A5F7B2267FF65100988558 /* Resources */ = {
			isa = PBXGroup;
			children = (
				65A5F79A267FF44C00988558 /* AppDelegate.swift */,
				65A5F79C267FF44C00988558 /* SceneDelegate.swift */,
				65AE490926AF61A900D97891 /* Extensions.swift */,
			);
			path = Resources;
			sourceTree = "<group>";
		};
		65A5F7B3267FF67200988558 /* Storyboards */ = {
			isa = PBXGroup;
			children = (
				65A5F7A0267FF44C00988558 /* Main.storyboard */,
				65A5F7A5267FF44C00988558 /* LaunchScreen.storyboard */,
			);
			path = Storyboards;
			sourceTree = "<group>";
		};
		65AE490826AF59F200D97891 /* Login */ = {
			isa = PBXGroup;
			children = (
				65A5F7B4267FF78E00988558 /* LoginViewController.swift */,
				65A5F7B6267FF79D00988558 /* RegisterViewController.swift */,
			);
			path = Login;
			sourceTree = "<group>";
		};
/* End PBXGroup section */

/* Begin PBXNativeTarget section */
		65A5F796267FF44C00988558 /* Messenger */ = {
			isa = PBXNativeTarget;
			buildConfigurationList = 65A5F7AB267FF44C00988558 /* Build configuration list for PBXNativeTarget "Messenger" */;
			buildPhases = (
				65A5F793267FF44C00988558 /* Sources */,
				65A5F794267FF44C00988558 /* Frameworks */,
				65A5F795267FF44C00988558 /* Resources */,
			);
			buildRules = (
			);
			dependencies = (
			);
			name = Messenger;
			productName = Messenger;
			productReference = 65A5F797267FF44C00988558 /* Messenger.app */;
			productType = "com.apple.product-type.application";
		};
/* End PBXNativeTarget section */

/* Begin PBXProject section */
		65A5F78F267FF44C00988558 /* Project object */ = {
			isa = PBXProject;
			attributes = {
				LastSwiftUpdateCheck = 1250;
				LastUpgradeCheck = 1250;
				TargetAttributes = {
					65A5F796267FF44C00988558 = {
						CreatedOnToolsVersion = 12.5;
					};
				};
			};
			buildConfigurationList = 65A5F792267FF44C00988558 /* Build configuration list for PBXProject "Messenger" */;
			compatibilityVersion = "Xcode 9.3";
			developmentRegion = en;
			hasScannedForEncodings = 0;
			knownRegions = (
				en,
				Base,
			);
			mainGroup = 65A5F78E267FF44C00988558;
			productRefGroup = 65A5F798267FF44C00988558 /* Products */;
			projectDirPath = "";
			projectRoot = "";
			targets = (
				65A5F796267FF44C00988558 /* Messenger */,
			);
		};
/* End PBXProject section */

/* Begin PBXResourcesBuildPhase section */
		65A5F795267FF44C00988558 /* Resources */ = {
			isa = PBXResourcesBuildPhase;
			buildActionMask = 2147483647;
			files = (
				65A5F7A7267FF44C00988558 /* LaunchScreen.storyboard in Resources */,
				65A5F7A4267FF44C00988558 /* Assets.xcassets in Resources */,
				65A5F7A2267FF44C00988558 /* Main.storyboard in Resources */,
			);
			runOnlyForDeploymentPostprocessing = 0;
		};
/* End PBXResourcesBuildPhase section */

/* Begin PBXSourcesBuildPhase section */
		65A5F793267FF44C00988558 /* Sources */ = {
			isa = PBXSourcesBuildPhase;
			buildActionMask = 2147483647;
			files = (
				65A5F7B5267FF78E00988558 /* LoginViewController.swift in Sources */,
				65A5F7B7267FF79D00988558 /* RegisterViewController.swift in Sources */,
				65A5F7BD267FF7E500988558 /* NewConversationViewController.swift in Sources */,
				65A5F79F267FF44C00988558 /* ConversationsViewController.swift in Sources */,
				65A5F7BB267FF7D000988558 /* VideoPlayerViewController.swift in Sources */,
				65AE490A26AF61A900D97891 /* Extensions.swift in Sources */,
				65A5F79B267FF44C00988558 /* AppDelegate.swift in Sources */,
				65A5F7BF267FF7F100988558 /* ProfileViewController.swift in Sources */,
				65A5F79D267FF44C00988558 /* SceneDelegate.swift in Sources */,
				65A5F7B9267FF7C000988558 /* PhotoViewerViewController.swift in Sources */,
			);
			runOnlyForDeploymentPostprocessing = 0;
		};
/* End PBXSourcesBuildPhase section */

/* Begin PBXVariantGroup section */
		65A5F7A0267FF44C00988558 /* Main.storyboard */ = {
			isa = PBXVariantGroup;
			children = (
				65A5F7A1267FF44C00988558 /* Base */,
			);
			name = Main.storyboard;
			sourceTree = "<group>";
		};
		65A5F7A5267FF44C00988558 /* LaunchScreen.storyboard */ = {
			isa = PBXVariantGroup;
			children = (
				65A5F7A6267FF44C00988558 /* Base */,
			);
			name = LaunchScreen.storyboard;
			sourceTree = "<group>";
		};
/* End PBXVariantGroup section */

/* Begin XCBuildConfiguration section */
		65A5F7A9267FF44C00988558 /* Debug */ = {
			isa = XCBuildConfiguration;
			buildSettings = {
				ALWAYS_SEARCH_USER_PATHS = NO;
				CLANG_ANALYZER_NONNULL = YES;
				CLANG_ANALYZER_NUMBER_OBJECT_CONVERSION = YES_AGGRESSIVE;
				CLANG_CXX_LANGUAGE_STANDARD = "gnu++14";
				CLANG_CXX_LIBRARY = "libc++";
				CLANG_ENABLE_MODULES = YES;
				CLANG_ENABLE_OBJC_ARC = YES;
				CLANG_ENABLE_OBJC_WEAK = YES;
				CLANG_WARN_BLOCK_CAPTURE_AUTORELEASING = YES;
				CLANG_WARN_BOOL_CONVERSION = YES;
				CLANG_WARN_COMMA = YES;
				CLANG_WARN_CONSTANT_CONVERSION = YES;
				CLANG_WARN_DEPRECATED_OBJC_IMPLEMENTATIONS = YES;
				CLANG_WARN_DIRECT_OBJC_ISA_USAGE = YES_ERROR;
				CLANG_WARN_DOCUMENTATION_COMMENTS = YES;
				CLANG_WARN_EMPTY_BODY = YES;
				CLANG_WARN_ENUM_CONVERSION = YES;
				CLANG_WARN_INFINITE_RECURSION = YES;
				CLANG_WARN_INT_CONVERSION = YES;
				CLANG_WARN_NON_LITERAL_NULL_CONVERSION = YES;
				CLANG_WARN_OBJC_IMPLICIT_RETAIN_SELF = YES;
				CLANG_WARN_OBJC_LITERAL_CONVERSION = YES;
				CLANG_WARN_OBJC_ROOT_CLASS = YES_ERROR;
				CLANG_WARN_QUOTED_INCLUDE_IN_FRAMEWORK_HEADER = YES;
				CLANG_WARN_RANGE_LOOP_ANALYSIS = YES;
				CLANG_WARN_STRICT_PROTOTYPES = YES;
				CLANG_WARN_SUSPICIOUS_MOVE = YES;
				CLANG_WARN_UNGUARDED_AVAILABILITY = YES_AGGRESSIVE;
				CLANG_WARN_UNREACHABLE_CODE = YES;
				CLANG_WARN__DUPLICATE_METHOD_MATCH = YES;
				COPY_PHASE_STRIP = NO;
				DEBUG_INFORMATION_FORMAT = dwarf;
				ENABLE_STRICT_OBJC_MSGSEND = YES;
				ENABLE_TESTABILITY = YES;
				GCC_C_LANGUAGE_STANDARD = gnu11;
				GCC_DYNAMIC_NO_PIC = NO;
				GCC_NO_COMMON_BLOCKS = YES;
				GCC_OPTIMIZATION_LEVEL = 0;
				GCC_PREPROCESSOR_DEFINITIONS = (
					"DEBUG=1",
					"$(inherited)",
				);
				GCC_WARN_64_TO_32_BIT_CONVERSION = YES;
				GCC_WARN_ABOUT_RETURN_TYPE = YES_ERROR;
				GCC_WARN_UNDECLARED_SELECTOR = YES;
				GCC_WARN_UNINITIALIZED_AUTOS = YES_AGGRESSIVE;
				GCC_WARN_UNUSED_FUNCTION = YES;
				GCC_WARN_UNUSED_VARIABLE = YES;
				IPHONEOS_DEPLOYMENT_TARGET = 14.5;
				MTL_ENABLE_DEBUG_INFO = INCLUDE_SOURCE;
				MTL_FAST_MATH = YES;
				ONLY_ACTIVE_ARCH = YES;
				SDKROOT = iphoneos;
				SWIFT_ACTIVE_COMPILATION_CONDITIONS = DEBUG;
				SWIFT_OPTIMIZATION_LEVEL = "-Onone";
			};
			name = Debug;
		};
		65A5F7AA267FF44C00988558 /* Release */ = {
			isa = XCBuildConfiguration;
			buildSettings = {
				ALWAYS_SEARCH_USER_PATHS = NO;
				CLANG_ANALYZER_NONNULL = YES;
				CLANG_ANALYZER_NUMBER_OBJECT_CONVERSION = YES_AGGRESSIVE;
				CLANG_CXX_LANGUAGE_STANDARD = "gnu++14";
				CLANG_CXX_LIBRARY = "libc++";
				CLANG_ENABLE_MODULES = YES;
				CLANG_ENABLE_OBJC_ARC = YES;
				CLANG_ENABLE_OBJC_WEAK = YES;
				CLANG_WARN_BLOCK_CAPTURE_AUTORELEASING = YES;
				CLANG_WARN_BOOL_CONVERSION = YES;
				CLANG_WARN_COMMA = YES;
				CLANG_WARN_CONSTANT_CONVERSION = YES;
				CLANG_WARN_DEPRECATED_OBJC_IMPLEMENTATIONS = YES;
				CLANG_WARN_DIRECT_OBJC_ISA_USAGE = YES_ERROR;
				CLANG_WARN_DOCUMENTATION_COMMENTS = YES;
				CLANG_WARN_EMPTY_BODY = YES;
				CLANG_WARN_ENUM_CONVERSION = YES;
				CLANG_WARN_INFINITE_RECURSION = YES;
				CLANG_WARN_INT_CONVERSION = YES;
				CLANG_WARN_NON_LITERAL_NULL_CONVERSION = YES;
				CLANG_WARN_OBJC_IMPLICIT_RETAIN_SELF = YES;
				CLANG_WARN_OBJC_LITERAL_CONVERSION = YES;
				CLANG_WARN_OBJC_ROOT_CLASS = YES_ERROR;
				CLANG_WARN_QUOTED_INCLUDE_IN_FRAMEWORK_HEADER = YES;
				CLANG_WARN_RANGE_LOOP_ANALYSIS = YES;
				CLANG_WARN_STRICT_PROTOTYPES = YES;
				CLANG_WARN_SUSPICIOUS_MOVE = YES;
				CLANG_WARN_UNGUARDED_AVAILABILITY = YES_AGGRESSIVE;
				CLANG_WARN_UNREACHABLE_CODE = YES;
				CLANG_WARN__DUPLICATE_METHOD_MATCH = YES;
				COPY_PHASE_STRIP = NO;
				DEBUG_INFORMATION_FORMAT = "dwarf-with-dsym";
				ENABLE_NS_ASSERTIONS = NO;
				ENABLE_STRICT_OBJC_MSGSEND = YES;
				GCC_C_LANGUAGE_STANDARD = gnu11;
				GCC_NO_COMMON_BLOCKS = YES;
				GCC_WARN_64_TO_32_BIT_CONVERSION = YES;
				GCC_WARN_ABOUT_RETURN_TYPE = YES_ERROR;
				GCC_WARN_UNDECLARED_SELECTOR = YES;
				GCC_WARN_UNINITIALIZED_AUTOS = YES_AGGRESSIVE;
				GCC_WARN_UNUSED_FUNCTION = YES;
				GCC_WARN_UNUSED_VARIABLE = YES;
				IPHONEOS_DEPLOYMENT_TARGET = 14.5;
				MTL_ENABLE_DEBUG_INFO = NO;
				MTL_FAST_MATH = YES;
				SDKROOT = iphoneos;
				SWIFT_COMPILATION_MODE = wholemodule;
				SWIFT_OPTIMIZATION_LEVEL = "-O";
				VALIDATE_PRODUCT = YES;
			};
			name = Release;
		};
		65A5F7AC267FF44C00988558 /* Debug */ = {
			isa = XCBuildConfiguration;
			buildSettings = {
				ASSETCATALOG_COMPILER_APPICON_NAME = AppIcon;
				ASSETCATALOG_COMPILER_GLOBAL_ACCENT_COLOR_NAME = AccentColor;
				CODE_SIGN_STYLE = Automatic;
				DEVELOPMENT_TEAM = AXTGJUAKTL;
				INFOPLIST_FILE = Messenger/Info.plist;
				LD_RUNPATH_SEARCH_PATHS = (
					"$(inherited)",
					"@executable_path/Frameworks",
				);
				PRODUCT_BUNDLE_IDENTIFIER = daniel.Messenger;
				PRODUCT_NAME = "$(TARGET_NAME)";
				SWIFT_VERSION = 5.0;
				TARGETED_DEVICE_FAMILY = "1,2";
			};
			name = Debug;
		};
		65A5F7AD267FF44C00988558 /* Release */ = {
			isa = XCBuildConfiguration;
			buildSettings = {
				ASSETCATALOG_COMPILER_APPICON_NAME = AppIcon;
				ASSETCATALOG_COMPILER_GLOBAL_ACCENT_COLOR_NAME = AccentColor;
				CODE_SIGN_STYLE = Automatic;
				DEVELOPMENT_TEAM = AXTGJUAKTL;
				INFOPLIST_FILE = Messenger/Info.plist;
				LD_RUNPATH_SEARCH_PATHS = (
					"$(inherited)",
					"@executable_path/Frameworks",
				);
				PRODUCT_BUNDLE_IDENTIFIER = daniel.Messenger;
				PRODUCT_NAME = "$(TARGET_NAME)";
				SWIFT_VERSION = 5.0;
				TARGETED_DEVICE_FAMILY = "1,2";
			};
			name = Release;
		};
/* End XCBuildConfiguration section */

/* Begin XCConfigurationList section */
		65A5F792267FF44C00988558 /* Build configuration list for PBXProject "Messenger" */ = {
			isa = XCConfigurationList;
			buildConfigurations = (
				65A5F7A9267FF44C00988558 /* Debug */,
				65A5F7AA267FF44C00988558 /* Release */,
			);
			defaultConfigurationIsVisible = 0;
			defaultConfigurationName = Release;
		};
		65A5F7AB267FF44C00988558 /* Build configuration list for PBXNativeTarget "Messenger" */ = {
			isa = XCConfigurationList;
			buildConfigurations = (
				65A5F7AC267FF44C00988558 /* Debug */,
				65A5F7AD267FF44C00988558 /* Release */,
			);
			defaultConfigurationIsVisible = 0;
			defaultConfigurationName = Release;
		};
/* End XCConfigurationList section */
	};
	rootObject = 65A5F78F267FF44C00988558 /* Project object */;
}
